
Microsoft Visual Studio Solution File, Format Version 12.00
# Visual Studio Version 17
VisualStudioVersion = 17.10.35013.160
MinimumVisualStudioVersion = 10.0.40219.1
Project("{FAE04EC0-301F-11D3-BF4B-00C04F79EFBC}") = "EmployeeManagement", "EmployeeManagement.csproj", "{626E6FBA-E5B1-4B55-9489-ACC7546856BB}"
EndProject
Global
	GlobalSection(SolutionConfigurationPlatforms) = preSolution
		Debug|Any CPU = Debug|Any CPU
		Release|Any CPU = Release|Any CPU
	EndGlobalSection
	GlobalSection(ProjectConfigurationPlatforms) = postSolution
		{626E6FBA-E5B1-4B55-9489-ACC7546856BB}.Debug|Any CPU.ActiveCfg = Debug|Any CPU
		{626E6FBA-E5B1-4B55-9489-ACC7546856BB}.Debug|Any CPU.Build.0 = Debug|Any CPU
		{626E6FBA-E5B1-4B55-9489-ACC7546856BB}.Release|Any CPU.ActiveCfg = Release|Any CPU
		{626E6FBA-E5B1-4B55-9489-ACC7546856BB}.Release|Any CPU.Build.0 = Release|Any CPU
	EndGlobalSection
	GlobalSection(SolutionProperties) = preSolution
		HideSolutionNode = FALSE
	EndGlobalSection
	GlobalSection(ExtensibilityGlobals) = postSolution
		SolutionGuid = {10E99AE3-F204-41B9-BCB2-BB8BC0EE68AA}
	EndGlobalSection
EndGlobal
